
Microsoft Visual Studio Solution File, Format Version 12.00
# Visual Studio 15
VisualStudioVersion = 15.0.28307.1169
MinimumVisualStudioVersion = 10.0.40219.1
Project("{FAE04EC0-301F-11D3-BF4B-00C04F79EFBC}") = "Telegram", "Telegram\Telegram.csproj", "{2EF26E7B-69DD-4CDA-840E-E04E61555959}"
EndProject
Global
	GlobalSection(SolutionConfigurationPlatforms) = preSolution
		Debug|Any CPU = Debug|Any CPU
		Release|Any CPU = Release|Any CPU
	EndGlobalSection
	GlobalSection(ProjectConfigurationPlatforms) = postSolution
		{2EF26E7B-69DD-4CDA-840E-E04E61555959}.Debug|Any CPU.ActiveCfg = Debug|Any CPU
		{2EF26E7B-69DD-4CDA-840E-E04E61555959}.Debug|Any CPU.Build.0 = Debug|Any CPU
		{2EF26E7B-69DD-4CDA-840E-E04E61555959}.Release|Any CPU.ActiveCfg = Release|Any CPU
		{2EF26E7B-69DD-4CDA-840E-E04E61555959}.Release|Any CPU.Build.0 = Release|Any CPU
	EndGlobalSection
	GlobalSection(SolutionProperties) = preSolution
		HideSolutionNode = FALSE
	EndGlobalSection
	GlobalSection(ExtensibilityGlobals) = postSolution
		SolutionGuid = {76F0B2D9-3E5C-4658-A54C-88EDB5F9EE40}
	EndGlobalSection
EndGlobal
